{
  "lockfile-version": 0,
  "manifest": {
    "hook": {},
    "install": {
      "cargo": {
        "pkg-path": "cargo"
      },
      "hyperfine": {
        "pkg-path": "hyperfine"
      }
    },
    "options": {
      "systems": [
        "x86_64-linux"
      ]
    },
    "profile": {},
    "registry": {
      "defaults": {
        "subtrees": null
      },
      "inputs": {
        "nixpkgs": {
          "from": {
            "owner": "NixOS",
            "ref": "release-23.11",
            "repo": "nixpkgs",
            "type": "github"
          },
          "subtrees": [
            "legacyPackages"
          ]
        }
      },
      "priority": [
        "nixpkgs"
      ]
    },
    "vars": {}
  },
  "packages": {
    "x86_64-linux": {
      "cargo": {
        "attr-path": [
          "legacyPackages",
          "x86_64-linux",
          "cargo"
        ],
        "info": {
          "broken": false,
          "description": "Downloads your Rust project's dependencies and builds your project",
          "license": null,
          "pname": "cargo",
          "unfree": false,
          "version": "1.73.0"
        },
        "input": {
          "attrs": {
            "lastModified": 1713185974,
            "narHash": "sha256-cJpLrxPWLmXPcWhmOkjb/XOFVHL1oXnMiCqtJt1nCns=",
            "owner": "NixOS",
            "repo": "nixpkgs",
            "rev": "674b3abfcc2b7ff4341f9e25781c644a3b7dc541",
            "type": "github"
          },
          "fingerprint": "c0458f32917eee68d86187c886b2d0fa878f26a2a32ead02aa1d8ac4c5822b52",
          "url": "github:NixOS/nixpkgs/674b3abfcc2b7ff4341f9e25781c644a3b7dc541"
        },
        "priority": 5
      },
      "hyperfine": {
        "attr-path": [
          "legacyPackages",
          "x86_64-linux",
          "hyperfine"
        ],
        "info": {
          "broken": false,
          "description": "Command-line benchmarking tool",
          "license": null,
          "pname": "hyperfine",
          "unfree": false,
          "version": "1.18.0"
        },
        "input": {
          "attrs": {
            "lastModified": 1713185974,
            "narHash": "sha256-cJpLrxPWLmXPcWhmOkjb/XOFVHL1oXnMiCqtJt1nCns=",
            "owner": "NixOS",
            "repo": "nixpkgs",
            "rev": "674b3abfcc2b7ff4341f9e25781c644a3b7dc541",
            "type": "github"
          },
          "fingerprint": "c0458f32917eee68d86187c886b2d0fa878f26a2a32ead02aa1d8ac4c5822b52",
          "url": "github:NixOS/nixpkgs/674b3abfcc2b7ff4341f9e25781c644a3b7dc541"
        },
        "priority": 5
      }
    }
  },
  "registry": {
    "defaults": {
      "subtrees": null
    },
    "inputs": {
      "nixpkgs": {
        "from": {
          "lastModified": 1713185974,
          "narHash": "sha256-cJpLrxPWLmXPcWhmOkjb/XOFVHL1oXnMiCqtJt1nCns=",
          "owner": "NixOS",
          "repo": "nixpkgs",
          "rev": "674b3abfcc2b7ff4341f9e25781c644a3b7dc541",
          "type": "github"
        },
        "subtrees": [
          "legacyPackages"
        ]
      }
    },
    "priority": [
      "nixpkgs"
    ]
  }
}